
Microsoft Visual Studio Solution File, Format Version 12.00
# Visual Studio Version 17
VisualStudioVersion = 17.4.33213.308
MinimumVisualStudioVersion = 10.0.40219.1
Project("{FAE04EC0-301F-11D3-BF4B-00C04F79EFBC}") = "PessoaTI20N", "PessoaTI20N\PessoaTI20N.csproj", "{AFF0FC7E-57DA-4039-BAEA-0493005C779C}"
EndProject
Global
	GlobalSection(SolutionConfigurationPlatforms) = preSolution
		Debug|Any CPU = Debug|Any CPU
		Release|Any CPU = Release|Any CPU
	EndGlobalSection
	GlobalSection(ProjectConfigurationPlatforms) = postSolution
		{AFF0FC7E-57DA-4039-BAEA-0493005C779C}.Debug|Any CPU.ActiveCfg = Debug|Any CPU
		{AFF0FC7E-57DA-4039-BAEA-0493005C779C}.Debug|Any CPU.Build.0 = Debug|Any CPU
		{AFF0FC7E-57DA-4039-BAEA-0493005C779C}.Release|Any CPU.ActiveCfg = Release|Any CPU
		{AFF0FC7E-57DA-4039-BAEA-0493005C779C}.Release|Any CPU.Build.0 = Release|Any CPU
	EndGlobalSection
	GlobalSection(SolutionProperties) = preSolution
		HideSolutionNode = FALSE
	EndGlobalSection
	GlobalSection(ExtensibilityGlobals) = postSolution
		SolutionGuid = {17E7E5B1-CF63-4AB4-829F-D1C7B4391D87}
	EndGlobalSection
EndGlobal
